// !$*UTF8*$!
{
	archiveVersion = 1;
	classes = {
	};
	objectVersion = 56;
	objects = {

/* Begin PBXBuildFile section */
		2B4529412AD3179600E5F1F4 /* Book1.cpp in Sources */ = {isa = PBXBuildFile; fileRef = 2B45293F2AD3179600E5F1F4 /* Book1.cpp */; };
		2B4529442AD317E300E5F1F4 /* BookShop.cpp in Sources */ = {isa = PBXBuildFile; fileRef = 2B4529422AD317E300E5F1F4 /* BookShop.cpp */; };
		2B4529472AD317FA00E5F1F4 /* Stationery.cpp in Sources */ = {isa = PBXBuildFile; fileRef = 2B4529452AD317FA00E5F1F4 /* Stationery.cpp */; };
		2B45294A2AD3180900E5F1F4 /* TextBook.cpp in Sources */ = {isa = PBXBuildFile; fileRef = 2B4529482AD3180900E5F1F4 /* TextBook.cpp */; };
		2B45294C2AD318AE00E5F1F4 /* main.cpp in Sources */ = {isa = PBXBuildFile; fileRef = 2B45294B2AD318AE00E5F1F4 /* main.cpp */; };
		2BDC0D472AE303F5003C38D0 /* Keeper.cpp in Sources */ = {isa = PBXBuildFile; fileRef = 2BDC0D452AE303F5003C38D0 /* Keeper.cpp */; };
/* End PBXBuildFile section */

/* Begin PBXCopyFilesBuildPhase section */
		2BFCC8012AD314B20072481D /* CopyFiles */ = {
			isa = PBXCopyFilesBuildPhase;
			buildActionMask = 2147483647;
			dstPath = /usr/share/man/man1/;
			dstSubfolderSpec = 0;
			files = (
			);
			runOnlyForDeploymentPostprocessing = 1;
		};
/* End PBXCopyFilesBuildPhase section */

/* Begin PBXFileReference section */
		2B45293F2AD3179600E5F1F4 /* Book1.cpp */ = {isa = PBXFileReference; lastKnownFileType = sourcecode.cpp.cpp; path = Book1.cpp; sourceTree = "<group>"; };
		2B4529402AD3179600E5F1F4 /* Book1.hpp */ = {isa = PBXFileReference; lastKnownFileType = sourcecode.cpp.h; path = Book1.hpp; sourceTree = "<group>"; };
		2B4529422AD317E300E5F1F4 /* BookShop.cpp */ = {isa = PBXFileReference; lastKnownFileType = sourcecode.cpp.cpp; path = BookShop.cpp; sourceTree = "<group>"; };
		2B4529432AD317E300E5F1F4 /* BookShop.hpp */ = {isa = PBXFileReference; lastKnownFileType = sourcecode.cpp.h; path = BookShop.hpp; sourceTree = "<group>"; };
		2B4529452AD317FA00E5F1F4 /* Stationery.cpp */ = {isa = PBXFileReference; lastKnownFileType = sourcecode.cpp.cpp; path = Stationery.cpp; sourceTree = "<group>"; };
		2B4529462AD317FA00E5F1F4 /* Stationery.hpp */ = {isa = PBXFileReference; lastKnownFileType = sourcecode.cpp.h; path = Stationery.hpp; sourceTree = "<group>"; };
		2B4529482AD3180900E5F1F4 /* TextBook.cpp */ = {isa = PBXFileReference; lastKnownFileType = sourcecode.cpp.cpp; path = TextBook.cpp; sourceTree = "<group>"; };
		2B4529492AD3180900E5F1F4 /* TextBook.hpp */ = {isa = PBXFileReference; lastKnownFileType = sourcecode.cpp.h; path = TextBook.hpp; sourceTree = "<group>"; };
		2B45294B2AD318AE00E5F1F4 /* main.cpp */ = {isa = PBXFileReference; lastKnownFileType = sourcecode.cpp.cpp; path = main.cpp; sourceTree = "<group>"; };
		2BDC0D452AE303F5003C38D0 /* Keeper.cpp */ = {isa = PBXFileReference; lastKnownFileType = sourcecode.cpp.cpp; path = Keeper.cpp; sourceTree = "<group>"; };
		2BDC0D462AE303F5003C38D0 /* Keeper.hpp */ = {isa = PBXFileReference; lastKnownFileType = sourcecode.cpp.h; path = Keeper.hpp; sourceTree = "<group>"; };
		2BFCC8032AD314B20072481D /* TP3sem1lab */ = {isa = PBXFileReference; explicitFileType = "compiled.mach-o.executable"; includeInIndex = 0; path = TP3sem1lab; sourceTree = BUILT_PRODUCTS_DIR; };
/* End PBXFileReference section */

/* Begin PBXFrameworksBuildPhase section */
		2BFCC8002AD314B20072481D /* Frameworks */ = {
			isa = PBXFrameworksBuildPhase;
			buildActionMask = 2147483647;
			files = (
			);
			runOnlyForDeploymentPostprocessing = 0;
		};
/* End PBXFrameworksBuildPhase section */

/* Begin PBXGroup section */
		2BFCC7FA2AD314B20072481D = {
			isa = PBXGroup;
			children = (
				2BDC0D452AE303F5003C38D0 /* Keeper.cpp */,
				2BDC0D462AE303F5003C38D0 /* Keeper.hpp */,
				2B45294B2AD318AE00E5F1F4 /* main.cpp */,
				2B4529482AD3180900E5F1F4 /* TextBook.cpp */,
				2B4529492AD3180900E5F1F4 /* TextBook.hpp */,
				2B4529452AD317FA00E5F1F4 /* Stationery.cpp */,
				2B4529462AD317FA00E5F1F4 /* Stationery.hpp */,
				2B4529422AD317E300E5F1F4 /* BookShop.cpp */,
				2B4529432AD317E300E5F1F4 /* BookShop.hpp */,
				2B45293F2AD3179600E5F1F4 /* Book1.cpp */,
				2B4529402AD3179600E5F1F4 /* Book1.hpp */,
				2BFCC8052AD314B30072481D /* TP3sem1lab */,
				2BFCC8042AD314B20072481D /* Products */,
			);
			sourceTree = "<group>";
		};
		2BFCC8042AD314B20072481D /* Products */ = {
			isa = PBXGroup;
			children = (
				2BFCC8032AD314B20072481D /* TP3sem1lab */,
			);
			name = Products;
			sourceTree = "<group>";
		};
		2BFCC8052AD314B30072481D /* TP3sem1lab */ = {
			isa = PBXGroup;
			children = (
			);
			path = TP3sem1lab;
			sourceTree = "<group>";
		};
/* End PBXGroup section */

/* Begin PBXNativeTarget section */
		2BFCC8022AD314B20072481D /* TP3sem1lab */ = {
			isa = PBXNativeTarget;
			buildConfigurationList = 2BFCC80A2AD314B30072481D /* Build configuration list for PBXNativeTarget "TP3sem1lab" */;
			buildPhases = (
				2BFCC7FF2AD314B20072481D /* Sources */,
				2BFCC8002AD314B20072481D /* Frameworks */,
				2BFCC8012AD314B20072481D /* CopyFiles */,
			);
			buildRules = (
			);
			dependencies = (
			);
			name = TP3sem1lab;
			productName = TP3sem1lab;
			productReference = 2BFCC8032AD314B20072481D /* TP3sem1lab */;
			productType = "com.apple.product-type.tool";
		};
/* End PBXNativeTarget section */

/* Begin PBXProject section */
		2BFCC7FB2AD314B20072481D /* Project object */ = {
			isa = PBXProject;
			attributes = {
				BuildIndependentTargetsInParallel = 1;
				LastUpgradeCheck = 1430;
				TargetAttributes = {
					2BFCC8022AD314B20072481D = {
						CreatedOnToolsVersion = 14.3;
					};
				};
			};
			buildConfigurationList = 2BFCC7FE2AD314B20072481D /* Build configuration list for PBXProject "TP3sem1lab" */;
			compatibilityVersion = "Xcode 14.0";
			developmentRegion = en;
			hasScannedForEncodings = 0;
			knownRegions = (
				en,
				Base,
			);
			mainGroup = 2BFCC7FA2AD314B20072481D;
			productRefGroup = 2BFCC8042AD314B20072481D /* Products */;
			projectDirPath = "";
			projectRoot = "";
			targets = (
				2BFCC8022AD314B20072481D /* TP3sem1lab */,
			);
		};
/* End PBXProject section */

/* Begin PBXSourcesBuildPhase section */
		2BFCC7FF2AD314B20072481D /* Sources */ = {
			isa = PBXSourcesBuildPhase;
			buildActionMask = 2147483647;
			files = (
				2B4529472AD317FA00E5F1F4 /* Stationery.cpp in Sources */,
				2B45294C2AD318AE00E5F1F4 /* main.cpp in Sources */,
				2B4529442AD317E300E5F1F4 /* BookShop.cpp in Sources */,
				2B45294A2AD3180900E5F1F4 /* TextBook.cpp in Sources */,
				2B4529412AD3179600E5F1F4 /* Book1.cpp in Sources */,
				2BDC0D472AE303F5003C38D0 /* Keeper.cpp in Sources */,
			);
			runOnlyForDeploymentPostprocessing = 0;
		};
/* End PBXSourcesBuildPhase section */

/* Begin XCBuildConfiguration section */
		2BFCC8082AD314B30072481D /* Debug */ = {
			isa = XCBuildConfiguration;
			buildSettings = {
				ALWAYS_SEARCH_USER_PATHS = NO;
				CLANG_ANALYZER_NONNULL = YES;
				CLANG_ANALYZER_NUMBER_OBJECT_CONVERSION = YES_AGGRESSIVE;
				CLANG_CXX_LANGUAGE_STANDARD = "gnu++20";
				CLANG_ENABLE_MODULES = YES;
				CLANG_ENABLE_OBJC_ARC = YES;
				CLANG_ENABLE_OBJC_WEAK = YES;
				CLANG_WARN_BLOCK_CAPTURE_AUTORELEASING = YES;
				CLANG_WARN_BOOL_CONVERSION = YES;
				CLANG_WARN_COMMA = YES;
				CLANG_WARN_CONSTANT_CONVERSION = YES;
				CLANG_WARN_DEPRECATED_OBJC_IMPLEMENTATIONS = YES;
				CLANG_WARN_DIRECT_OBJC_ISA_USAGE = YES_ERROR;
				CLANG_WARN_DOCUMENTATION_COMMENTS = YES;
				CLANG_WARN_EMPTY_BODY = YES;
				CLANG_WARN_ENUM_CONVERSION = YES;
				CLANG_WARN_INFINITE_RECURSION = YES;
				CLANG_WARN_INT_CONVERSION = YES;
				CLANG_WARN_NON_LITERAL_NULL_CONVERSION = YES;
				CLANG_WARN_OBJC_IMPLICIT_RETAIN_SELF = YES;
				CLANG_WARN_OBJC_LITERAL_CONVERSION = YES;
				CLANG_WARN_OBJC_ROOT_CLASS = YES_ERROR;
				CLANG_WARN_QUOTED_INCLUDE_IN_FRAMEWORK_HEADER = YES;
				CLANG_WARN_RANGE_LOOP_ANALYSIS = YES;
				CLANG_WARN_STRICT_PROTOTYPES = YES;
				CLANG_WARN_SUSPICIOUS_MOVE = YES;
				CLANG_WARN_UNGUARDED_AVAILABILITY = YES_AGGRESSIVE;
				CLANG_WARN_UNREACHABLE_CODE = YES;
				CLANG_WARN__DUPLICATE_METHOD_MATCH = YES;
				COPY_PHASE_STRIP = NO;
				DEBUG_INFORMATION_FORMAT = dwarf;
				ENABLE_STRICT_OBJC_MSGSEND = YES;
				ENABLE_TESTABILITY = YES;
				GCC_C_LANGUAGE_STANDARD = gnu11;
				GCC_DYNAMIC_NO_PIC = NO;
				GCC_NO_COMMON_BLOCKS = YES;
				GCC_OPTIMIZATION_LEVEL = 0;
				GCC_PREPROCESSOR_DEFINITIONS = (
					"DEBUG=1",
					"$(inherited)",
				);
				GCC_WARN_64_TO_32_BIT_CONVERSION = YES;
				GCC_WARN_ABOUT_RETURN_TYPE = YES_ERROR;
				GCC_WARN_UNDECLARED_SELECTOR = YES;
				GCC_WARN_UNINITIALIZED_AUTOS = YES_AGGRESSIVE;
				GCC_WARN_UNUSED_FUNCTION = YES;
				GCC_WARN_UNUSED_VARIABLE = YES;
				MACOSX_DEPLOYMENT_TARGET = 13.2;
				MTL_ENABLE_DEBUG_INFO = INCLUDE_SOURCE;
				MTL_FAST_MATH = YES;
				ONLY_ACTIVE_ARCH = YES;
				SDKROOT = macosx;
			};
			name = Debug;
		};
		2BFCC8092AD314B30072481D /* Release */ = {
			isa = XCBuildConfiguration;
			buildSettings = {
				ALWAYS_SEARCH_USER_PATHS = NO;
				CLANG_ANALYZER_NONNULL = YES;
				CLANG_ANALYZER_NUMBER_OBJECT_CONVERSION = YES_AGGRESSIVE;
				CLANG_CXX_LANGUAGE_STANDARD = "gnu++20";
				CLANG_ENABLE_MODULES = YES;
				CLANG_ENABLE_OBJC_ARC = YES;
				CLANG_ENABLE_OBJC_WEAK = YES;
				CLANG_WARN_BLOCK_CAPTURE_AUTORELEASING = YES;
				CLANG_WARN_BOOL_CONVERSION = YES;
				CLANG_WARN_COMMA = YES;
				CLANG_WARN_CONSTANT_CONVERSION = YES;
				CLANG_WARN_DEPRECATED_OBJC_IMPLEMENTATIONS = YES;
				CLANG_WARN_DIRECT_OBJC_ISA_USAGE = YES_ERROR;
				CLANG_WARN_DOCUMENTATION_COMMENTS = YES;
				CLANG_WARN_EMPTY_BODY = YES;
				CLANG_WARN_ENUM_CONVERSION = YES;
				CLANG_WARN_INFINITE_RECURSION = YES;
				CLANG_WARN_INT_CONVERSION = YES;
				CLANG_WARN_NON_LITERAL_NULL_CONVERSION = YES;
				CLANG_WARN_OBJC_IMPLICIT_RETAIN_SELF = YES;
				CLANG_WARN_OBJC_LITERAL_CONVERSION = YES;
				CLANG_WARN_OBJC_ROOT_CLASS = YES_ERROR;
				CLANG_WARN_QUOTED_INCLUDE_IN_FRAMEWORK_HEADER = YES;
				CLANG_WARN_RANGE_LOOP_ANALYSIS = YES;
				CLANG_WARN_STRICT_PROTOTYPES = YES;
				CLANG_WARN_SUSPICIOUS_MOVE = YES;
				CLANG_WARN_UNGUARDED_AVAILABILITY = YES_AGGRESSIVE;
				CLANG_WARN_UNREACHABLE_CODE = YES;
				CLANG_WARN__DUPLICATE_METHOD_MATCH = YES;
				COPY_PHASE_STRIP = NO;
				DEBUG_INFORMATION_FORMAT = "dwarf-with-dsym";
				ENABLE_NS_ASSERTIONS = NO;
				ENABLE_STRICT_OBJC_MSGSEND = YES;
				GCC_C_LANGUAGE_STANDARD = gnu11;
				GCC_NO_COMMON_BLOCKS = YES;
				GCC_WARN_64_TO_32_BIT_CONVERSION = YES;
				GCC_WARN_ABOUT_RETURN_TYPE = YES_ERROR;
				GCC_WARN_UNDECLARED_SELECTOR = YES;
				GCC_WARN_UNINITIALIZED_AUTOS = YES_AGGRESSIVE;
				GCC_WARN_UNUSED_FUNCTION = YES;
				GCC_WARN_UNUSED_VARIABLE = YES;
				MACOSX_DEPLOYMENT_TARGET = 13.2;
				MTL_ENABLE_DEBUG_INFO = NO;
				MTL_FAST_MATH = YES;
				SDKROOT = macosx;
			};
			name = Release;
		};
		2BFCC80B2AD314B30072481D /* Debug */ = {
			isa = XCBuildConfiguration;
			buildSettings = {
				CODE_SIGN_STYLE = Automatic;
				PRODUCT_NAME = "$(TARGET_NAME)";
			};
			name = Debug;
		};
		2BFCC80C2AD314B30072481D /* Release */ = {
			isa = XCBuildConfiguration;
			buildSettings = {
				CODE_SIGN_STYLE = Automatic;
				PRODUCT_NAME = "$(TARGET_NAME)";
			};
			name = Release;
		};
/* End XCBuildConfiguration section */

/* Begin XCConfigurationList section */
		2BFCC7FE2AD314B20072481D /* Build configuration list for PBXProject "TP3sem1lab" */ = {
			isa = XCConfigurationList;
			buildConfigurations = (
				2BFCC8082AD314B30072481D /* Debug */,
				2BFCC8092AD314B30072481D /* Release */,
			);
			defaultConfigurationIsVisible = 0;
			defaultConfigurationName = Release;
		};
		2BFCC80A2AD314B30072481D /* Build configuration list for PBXNativeTarget "TP3sem1lab" */ = {
			isa = XCConfigurationList;
			buildConfigurations = (
				2BFCC80B2AD314B30072481D /* Debug */,
				2BFCC80C2AD314B30072481D /* Release */,
			);
			defaultConfigurationIsVisible = 0;
			defaultConfigurationName = Release;
		};
/* End XCConfigurationList section */
	};
	rootObject = 2BFCC7FB2AD314B20072481D /* Project object */;
}
